
Microsoft Visual Studio Solution File, Format Version 12.00
# Visual Studio 15
VisualStudioVersion = 15.0.28307.1800
MinimumVisualStudioVersion = 10.0.40219.1
Project("{D2ABAB84-BF74-430A-B69E-9DC6D40DDA17}") = "HV_SSAS", "HV_SSAS\HV_SSAS.dwproj", "{B0547FB7-B438-4460-9A07-57618F7C04F4}"
EndProject
Global
	GlobalSection(SolutionConfigurationPlatforms) = preSolution
		Development|Default = Development|Default
	EndGlobalSection
	GlobalSection(ProjectConfigurationPlatforms) = postSolution
		{B0547FB7-B438-4460-9A07-57618F7C04F4}.Development|Default.ActiveCfg = Development
		{B0547FB7-B438-4460-9A07-57618F7C04F4}.Development|Default.Build.0 = Development
		{B0547FB7-B438-4460-9A07-57618F7C04F4}.Development|Default.Deploy.0 = Development
	EndGlobalSection
	GlobalSection(SolutionProperties) = preSolution
		HideSolutionNode = FALSE
	EndGlobalSection
	GlobalSection(ExtensibilityGlobals) = postSolution
		SolutionGuid = {722B2FAD-5326-40D3-AD7D-7DB214BAF9A5}
	EndGlobalSection
EndGlobal
